
Microsoft Visual Studio Solution File, Format Version 12.00
# Visual Studio Version 16
VisualStudioVersion = 16.0.29411.108
MinimumVisualStudioVersion = 10.0.40219.1
Project("{FAE04EC0-301F-11D3-BF4B-00C04F79EFBC}") = "Senai.Quiron.WebApi", "Senai.Quiron.WebApi\Senai.Quiron.WebApi.csproj", "{3384737C-248C-40E5-B790-9589873A9945}"
EndProject
Global
	GlobalSection(SolutionConfigurationPlatforms) = preSolution
		Debug|Any CPU = Debug|Any CPU
		Release|Any CPU = Release|Any CPU
	EndGlobalSection
	GlobalSection(ProjectConfigurationPlatforms) = postSolution
		{3384737C-248C-40E5-B790-9589873A9945}.Debug|Any CPU.ActiveCfg = Debug|Any CPU
		{3384737C-248C-40E5-B790-9589873A9945}.Debug|Any CPU.Build.0 = Debug|Any CPU
		{3384737C-248C-40E5-B790-9589873A9945}.Release|Any CPU.ActiveCfg = Release|Any CPU
		{3384737C-248C-40E5-B790-9589873A9945}.Release|Any CPU.Build.0 = Release|Any CPU
	EndGlobalSection
	GlobalSection(SolutionProperties) = preSolution
		HideSolutionNode = FALSE
	EndGlobalSection
	GlobalSection(ExtensibilityGlobals) = postSolution
		SolutionGuid = {25FE02D1-9B12-4CD8-AF4D-734666C1AC5B}
	EndGlobalSection
EndGlobal
